// !$*UTF8*$!
{
	archiveVersion = 1;
	classes = {
	};
	objectVersion = 56;
	objects = {

/* Begin PBXBuildFile section */
		349FE6FB29B7E101009A3FD7 /* PuzzleGridEntry.swift in Sources */ = {isa = PBXBuildFile; fileRef = 349FE6FA29B7E101009A3FD7 /* PuzzleGridEntry.swift */; };
		349FE6FD29B7E197009A3FD7 /* NavigationButton.swift in Sources */ = {isa = PBXBuildFile; fileRef = 349FE6FC29B7E197009A3FD7 /* NavigationButton.swift */; };
		349FE70029B7EC2D009A3FD7 /* ButtonLabel.swift in Sources */ = {isa = PBXBuildFile; fileRef = 349FE6FF29B7EC2D009A3FD7 /* ButtonLabel.swift */; };
		349FE70229B7F0EA009A3FD7 /* PuzzleGrid.swift in Sources */ = {isa = PBXBuildFile; fileRef = 349FE70129B7F0EA009A3FD7 /* PuzzleGrid.swift */; };
		349FE70429B7F0F5009A3FD7 /* PuzzleControlArea.swift in Sources */ = {isa = PBXBuildFile; fileRef = 349FE70329B7F0F5009A3FD7 /* PuzzleControlArea.swift */; };
		349FE70629B7F124009A3FD7 /* PuzzleGridCell.swift in Sources */ = {isa = PBXBuildFile; fileRef = 349FE70529B7F124009A3FD7 /* PuzzleGridCell.swift */; };
		349FE70829B7F176009A3FD7 /* PuzzleGridArea.swift in Sources */ = {isa = PBXBuildFile; fileRef = 349FE70729B7F176009A3FD7 /* PuzzleGridArea.swift */; };
		349FE70A29B7F202009A3FD7 /* CellIdentifier.swift in Sources */ = {isa = PBXBuildFile; fileRef = 349FE70929B7F202009A3FD7 /* CellIdentifier.swift */; };
		349FE70C29B7F689009A3FD7 /* GridCellBorder.swift in Sources */ = {isa = PBXBuildFile; fileRef = 349FE70B29B7F689009A3FD7 /* GridCellBorder.swift */; };
		349FE70F29B8061C009A3FD7 /* DebugUtil.swift in Sources */ = {isa = PBXBuildFile; fileRef = 349FE70E29B8061C009A3FD7 /* DebugUtil.swift */; };
		349FE71329B80B9C009A3FD7 /* PuzzleNumberControls.swift in Sources */ = {isa = PBXBuildFile; fileRef = 349FE71229B80B9C009A3FD7 /* PuzzleNumberControls.swift */; };
		349FE71529B80BAC009A3FD7 /* PuzzleEntryControls.swift in Sources */ = {isa = PBXBuildFile; fileRef = 349FE71429B80BAC009A3FD7 /* PuzzleEntryControls.swift */; };
		349FE71A29B81192009A3FD7 /* PuzzleViewModel.swift in Sources */ = {isa = PBXBuildFile; fileRef = 349FE71929B81192009A3FD7 /* PuzzleViewModel.swift */; };
		349FE71C29B811CF009A3FD7 /* Puzzle.swift in Sources */ = {isa = PBXBuildFile; fileRef = 349FE71B29B811CF009A3FD7 /* Puzzle.swift */; };
		349FE72029BA4C20009A3FD7 /* PuzzleCellContents.swift in Sources */ = {isa = PBXBuildFile; fileRef = 349FE71F29BA4C20009A3FD7 /* PuzzleCellContents.swift */; };
		349FE72229BA4C4A009A3FD7 /* CellContent.swift in Sources */ = {isa = PBXBuildFile; fileRef = 349FE72129BA4C4A009A3FD7 /* CellContent.swift */; };
		349FE72429BA5A4B009A3FD7 /* PuzzleCellHighlighting.swift in Sources */ = {isa = PBXBuildFile; fileRef = 349FE72329BA5A4B009A3FD7 /* PuzzleCellHighlighting.swift */; };
		34B121B129BE459300DB3129 /* CellGroup.swift in Sources */ = {isa = PBXBuildFile; fileRef = 34B121B029BE459300DB3129 /* CellGroup.swift */; };
		34C40C8029B7AFFB00D11DC4 /* Simple_SudokuApp.swift in Sources */ = {isa = PBXBuildFile; fileRef = 34C40C7F29B7AFFB00D11DC4 /* Simple_SudokuApp.swift */; };
		34C40C8429B7AFFC00D11DC4 /* Assets.xcassets in Resources */ = {isa = PBXBuildFile; fileRef = 34C40C8329B7AFFC00D11DC4 /* Assets.xcassets */; };
		34C40C8729B7AFFC00D11DC4 /* Preview Assets.xcassets in Resources */ = {isa = PBXBuildFile; fileRef = 34C40C8629B7AFFC00D11DC4 /* Preview Assets.xcassets */; };
		34C40C9529B7B33D00D11DC4 /* MainMenu.swift in Sources */ = {isa = PBXBuildFile; fileRef = 34C40C9429B7B33D00D11DC4 /* MainMenu.swift */; };
		34C40C9829B7B35D00D11DC4 /* Logo.swift in Sources */ = {isa = PBXBuildFile; fileRef = 34C40C9729B7B35D00D11DC4 /* Logo.swift */; };
		34C40C9A29B7B7AE00D11DC4 /* DifficultySelector.swift in Sources */ = {isa = PBXBuildFile; fileRef = 34C40C9929B7B7AE00D11DC4 /* DifficultySelector.swift */; };
		34C40C9E29B7B7E100D11DC4 /* PuzzleDifficulty.swift in Sources */ = {isa = PBXBuildFile; fileRef = 34C40C9D29B7B7E100D11DC4 /* PuzzleDifficulty.swift */; };
		34C40CA029B7B97400D11DC4 /* SelectButton.swift in Sources */ = {isa = PBXBuildFile; fileRef = 34C40C9F29B7B97400D11DC4 /* SelectButton.swift */; };
		34C40CA229B7BA7200D11DC4 /* RoundedRectangleFill.swift in Sources */ = {isa = PBXBuildFile; fileRef = 34C40CA129B7BA7200D11DC4 /* RoundedRectangleFill.swift */; };
		34C9A41229BFB746009DAFCC /* PuzzleGenerationTesting.swift in Sources */ = {isa = PBXBuildFile; fileRef = 34C9A41129BFB746009DAFCC /* PuzzleGenerationTesting.swift */; };
		34C9A41429C4BF89009DAFCC /* PuzzleCellContentNotes.swift in Sources */ = {isa = PBXBuildFile; fileRef = 34C9A41329C4BF89009DAFCC /* PuzzleCellContentNotes.swift */; };
		34C9A41629C4E674009DAFCC /* GivenCellWarning.swift in Sources */ = {isa = PBXBuildFile; fileRef = 34C9A41529C4E674009DAFCC /* GivenCellWarning.swift */; };
		34C9A41829C4F30A009DAFCC /* CellWarningTracking.swift in Sources */ = {isa = PBXBuildFile; fileRef = 34C9A41729C4F30A009DAFCC /* CellWarningTracking.swift */; };
/* End PBXBuildFile section */

/* Begin PBXFileReference section */
		349FE6FA29B7E101009A3FD7 /* PuzzleGridEntry.swift */ = {isa = PBXFileReference; lastKnownFileType = sourcecode.swift; path = PuzzleGridEntry.swift; sourceTree = "<group>"; };
		349FE6FC29B7E197009A3FD7 /* NavigationButton.swift */ = {isa = PBXFileReference; lastKnownFileType = sourcecode.swift; path = NavigationButton.swift; sourceTree = "<group>"; };
		349FE6FF29B7EC2D009A3FD7 /* ButtonLabel.swift */ = {isa = PBXFileReference; lastKnownFileType = sourcecode.swift; path = ButtonLabel.swift; sourceTree = "<group>"; };
		349FE70129B7F0EA009A3FD7 /* PuzzleGrid.swift */ = {isa = PBXFileReference; lastKnownFileType = sourcecode.swift; path = PuzzleGrid.swift; sourceTree = "<group>"; };
		349FE70329B7F0F5009A3FD7 /* PuzzleControlArea.swift */ = {isa = PBXFileReference; lastKnownFileType = sourcecode.swift; path = PuzzleControlArea.swift; sourceTree = "<group>"; };
		349FE70529B7F124009A3FD7 /* PuzzleGridCell.swift */ = {isa = PBXFileReference; lastKnownFileType = sourcecode.swift; path = PuzzleGridCell.swift; sourceTree = "<group>"; };
		349FE70729B7F176009A3FD7 /* PuzzleGridArea.swift */ = {isa = PBXFileReference; lastKnownFileType = sourcecode.swift; path = PuzzleGridArea.swift; sourceTree = "<group>"; };
		349FE70929B7F202009A3FD7 /* CellIdentifier.swift */ = {isa = PBXFileReference; lastKnownFileType = sourcecode.swift; path = CellIdentifier.swift; sourceTree = "<group>"; };
		349FE70B29B7F689009A3FD7 /* GridCellBorder.swift */ = {isa = PBXFileReference; lastKnownFileType = sourcecode.swift; path = GridCellBorder.swift; sourceTree = "<group>"; };
		349FE70E29B8061C009A3FD7 /* DebugUtil.swift */ = {isa = PBXFileReference; lastKnownFileType = sourcecode.swift; path = DebugUtil.swift; sourceTree = "<group>"; };
		349FE71229B80B9C009A3FD7 /* PuzzleNumberControls.swift */ = {isa = PBXFileReference; lastKnownFileType = sourcecode.swift; path = PuzzleNumberControls.swift; sourceTree = "<group>"; };
		349FE71429B80BAC009A3FD7 /* PuzzleEntryControls.swift */ = {isa = PBXFileReference; lastKnownFileType = sourcecode.swift; path = PuzzleEntryControls.swift; sourceTree = "<group>"; };
		349FE71929B81192009A3FD7 /* PuzzleViewModel.swift */ = {isa = PBXFileReference; lastKnownFileType = sourcecode.swift; path = PuzzleViewModel.swift; sourceTree = "<group>"; };
		349FE71B29B811CF009A3FD7 /* Puzzle.swift */ = {isa = PBXFileReference; lastKnownFileType = sourcecode.swift; path = Puzzle.swift; sourceTree = "<group>"; };
		349FE71F29BA4C20009A3FD7 /* PuzzleCellContents.swift */ = {isa = PBXFileReference; lastKnownFileType = sourcecode.swift; path = PuzzleCellContents.swift; sourceTree = "<group>"; };
		349FE72129BA4C4A009A3FD7 /* CellContent.swift */ = {isa = PBXFileReference; lastKnownFileType = sourcecode.swift; path = CellContent.swift; sourceTree = "<group>"; };
		349FE72329BA5A4B009A3FD7 /* PuzzleCellHighlighting.swift */ = {isa = PBXFileReference; lastKnownFileType = sourcecode.swift; path = PuzzleCellHighlighting.swift; sourceTree = "<group>"; };
		34B121B029BE459300DB3129 /* CellGroup.swift */ = {isa = PBXFileReference; lastKnownFileType = sourcecode.swift; path = CellGroup.swift; sourceTree = "<group>"; };
		34C40C7C29B7AFFB00D11DC4 /* Simply Sudoku.app */ = {isa = PBXFileReference; explicitFileType = wrapper.application; includeInIndex = 0; path = "Simply Sudoku.app"; sourceTree = BUILT_PRODUCTS_DIR; };
		34C40C7F29B7AFFB00D11DC4 /* Simple_SudokuApp.swift */ = {isa = PBXFileReference; lastKnownFileType = sourcecode.swift; path = Simple_SudokuApp.swift; sourceTree = "<group>"; };
		34C40C8329B7AFFC00D11DC4 /* Assets.xcassets */ = {isa = PBXFileReference; lastKnownFileType = folder.assetcatalog; path = Assets.xcassets; sourceTree = "<group>"; };
		34C40C8629B7AFFC00D11DC4 /* Preview Assets.xcassets */ = {isa = PBXFileReference; lastKnownFileType = folder.assetcatalog; path = "Preview Assets.xcassets"; sourceTree = "<group>"; };
		34C40C9429B7B33D00D11DC4 /* MainMenu.swift */ = {isa = PBXFileReference; lastKnownFileType = sourcecode.swift; path = MainMenu.swift; sourceTree = "<group>"; };
		34C40C9729B7B35D00D11DC4 /* Logo.swift */ = {isa = PBXFileReference; lastKnownFileType = sourcecode.swift; path = Logo.swift; sourceTree = "<group>"; };
		34C40C9929B7B7AE00D11DC4 /* DifficultySelector.swift */ = {isa = PBXFileReference; lastKnownFileType = sourcecode.swift; path = DifficultySelector.swift; sourceTree = "<group>"; };
		34C40C9D29B7B7E100D11DC4 /* PuzzleDifficulty.swift */ = {isa = PBXFileReference; lastKnownFileType = sourcecode.swift; path = PuzzleDifficulty.swift; sourceTree = "<group>"; };
		34C40C9F29B7B97400D11DC4 /* SelectButton.swift */ = {isa = PBXFileReference; lastKnownFileType = sourcecode.swift; path = SelectButton.swift; sourceTree = "<group>"; };
		34C40CA129B7BA7200D11DC4 /* RoundedRectangleFill.swift */ = {isa = PBXFileReference; lastKnownFileType = sourcecode.swift; path = RoundedRectangleFill.swift; sourceTree = "<group>"; };
		34C9A41129BFB746009DAFCC /* PuzzleGenerationTesting.swift */ = {isa = PBXFileReference; lastKnownFileType = sourcecode.swift; path = PuzzleGenerationTesting.swift; sourceTree = "<group>"; };
		34C9A41329C4BF89009DAFCC /* PuzzleCellContentNotes.swift */ = {isa = PBXFileReference; lastKnownFileType = sourcecode.swift; path = PuzzleCellContentNotes.swift; sourceTree = "<group>"; };
		34C9A41529C4E674009DAFCC /* GivenCellWarning.swift */ = {isa = PBXFileReference; lastKnownFileType = sourcecode.swift; path = GivenCellWarning.swift; sourceTree = "<group>"; };
		34C9A41729C4F30A009DAFCC /* CellWarningTracking.swift */ = {isa = PBXFileReference; lastKnownFileType = sourcecode.swift; path = CellWarningTracking.swift; sourceTree = "<group>"; };
/* End PBXFileReference section */

/* Begin PBXFrameworksBuildPhase section */
		34C40C7929B7AFFB00D11DC4 /* Frameworks */ = {
			isa = PBXFrameworksBuildPhase;
			buildActionMask = 2147483647;
			files = (
			);
			runOnlyForDeploymentPostprocessing = 0;
		};
/* End PBXFrameworksBuildPhase section */

/* Begin PBXGroup section */
		349FE6F929B7E0D1009A3FD7 /* Puzzle Grid */ = {
			isa = PBXGroup;
			children = (
				349FE6FA29B7E101009A3FD7 /* PuzzleGridEntry.swift */,
				349FE71129B80B5F009A3FD7 /* Controls */,
				349FE71029B80B4F009A3FD7 /* Grid Area */,
			);
			path = "Puzzle Grid";
			sourceTree = "<group>";
		};
		349FE6FE29B7EC1F009A3FD7 /* Buttons */ = {
			isa = PBXGroup;
			children = (
				34C40C9F29B7B97400D11DC4 /* SelectButton.swift */,
				349FE6FC29B7E197009A3FD7 /* NavigationButton.swift */,
				349FE6FF29B7EC2D009A3FD7 /* ButtonLabel.swift */,
			);
			path = Buttons;
			sourceTree = "<group>";
		};
		349FE70D29B805CC009A3FD7 /* Utility */ = {
			isa = PBXGroup;
			children = (
				349FE70E29B8061C009A3FD7 /* DebugUtil.swift */,
			);
			path = Utility;
			sourceTree = "<group>";
		};
		349FE71029B80B4F009A3FD7 /* Grid Area */ = {
			isa = PBXGroup;
			children = (
				349FE70729B7F176009A3FD7 /* PuzzleGridArea.swift */,
				349FE70129B7F0EA009A3FD7 /* PuzzleGrid.swift */,
				349FE70529B7F124009A3FD7 /* PuzzleGridCell.swift */,
				349FE71F29BA4C20009A3FD7 /* PuzzleCellContents.swift */,
				34C9A41329C4BF89009DAFCC /* PuzzleCellContentNotes.swift */,
				349FE72329BA5A4B009A3FD7 /* PuzzleCellHighlighting.swift */,
				349FE70B29B7F689009A3FD7 /* GridCellBorder.swift */,
			);
			path = "Grid Area";
			sourceTree = "<group>";
		};
		349FE71129B80B5F009A3FD7 /* Controls */ = {
			isa = PBXGroup;
			children = (
				349FE70329B7F0F5009A3FD7 /* PuzzleControlArea.swift */,
				349FE71229B80B9C009A3FD7 /* PuzzleNumberControls.swift */,
				349FE71429B80BAC009A3FD7 /* PuzzleEntryControls.swift */,
				34C9A41529C4E674009DAFCC /* GivenCellWarning.swift */,
			);
			path = Controls;
			sourceTree = "<group>";
		};
		349FE71829B81184009A3FD7 /* View Models */ = {
			isa = PBXGroup;
			children = (
				349FE71929B81192009A3FD7 /* PuzzleViewModel.swift */,
				349FE72129BA4C4A009A3FD7 /* CellContent.swift */,
				34C9A41729C4F30A009DAFCC /* CellWarningTracking.swift */,
			);
			path = "View Models";
			sourceTree = "<group>";
		};
		34C40C7329B7AFFB00D11DC4 = {
			isa = PBXGroup;
			children = (
				34C40C7E29B7AFFB00D11DC4 /* Simply Sudoku */,
				34C40C7D29B7AFFB00D11DC4 /* Products */,
			);
			sourceTree = "<group>";
		};
		34C40C7D29B7AFFB00D11DC4 /* Products */ = {
			isa = PBXGroup;
			children = (
				34C40C7C29B7AFFB00D11DC4 /* Simply Sudoku.app */,
			);
			name = Products;
			sourceTree = "<group>";
		};
		34C40C7E29B7AFFB00D11DC4 /* Simply Sudoku */ = {
			isa = PBXGroup;
			children = (
				349FE70D29B805CC009A3FD7 /* Utility */,
				34C40C9B29B7B7CA00D11DC4 /* Model */,
				34C40C9329B7B31F00D11DC4 /* Views */,
				34C40C7F29B7AFFB00D11DC4 /* Simple_SudokuApp.swift */,
				34C40C8329B7AFFC00D11DC4 /* Assets.xcassets */,
				34C40C8529B7AFFC00D11DC4 /* Preview Content */,
			);
			path = "Simply Sudoku";
			sourceTree = "<group>";
		};
		34C40C8529B7AFFC00D11DC4 /* Preview Content */ = {
			isa = PBXGroup;
			children = (
				34C40C8629B7AFFC00D11DC4 /* Preview Assets.xcassets */,
			);
			path = "Preview Content";
			sourceTree = "<group>";
		};
		34C40C9229B7B30800D11DC4 /* Main Menu */ = {
			isa = PBXGroup;
			children = (
				34C40C9429B7B33D00D11DC4 /* MainMenu.swift */,
				34C40C9929B7B7AE00D11DC4 /* DifficultySelector.swift */,
				34C9A41129BFB746009DAFCC /* PuzzleGenerationTesting.swift */,
			);
			path = "Main Menu";
			sourceTree = "<group>";
		};
		34C40C9329B7B31F00D11DC4 /* Views */ = {
			isa = PBXGroup;
			children = (
				34C40C9629B7B35000D11DC4 /* Common */,
				34C40C9229B7B30800D11DC4 /* Main Menu */,
				349FE6F929B7E0D1009A3FD7 /* Puzzle Grid */,
			);
			path = Views;
			sourceTree = "<group>";
		};
		34C40C9629B7B35000D11DC4 /* Common */ = {
			isa = PBXGroup;
			children = (
				349FE6FE29B7EC1F009A3FD7 /* Buttons */,
				34C40C9729B7B35D00D11DC4 /* Logo.swift */,
				34C40CA129B7BA7200D11DC4 /* RoundedRectangleFill.swift */,
			);
			path = Common;
			sourceTree = "<group>";
		};
		34C40C9B29B7B7CA00D11DC4 /* Model */ = {
			isa = PBXGroup;
			children = (
				349FE71829B81184009A3FD7 /* View Models */,
				34C40C9C29B7B7D900D11DC4 /* Enums */,
				349FE70929B7F202009A3FD7 /* CellIdentifier.swift */,
				34B121B029BE459300DB3129 /* CellGroup.swift */,
				349FE71B29B811CF009A3FD7 /* Puzzle.swift */,
			);
			path = Model;
			sourceTree = "<group>";
		};
		34C40C9C29B7B7D900D11DC4 /* Enums */ = {
			isa = PBXGroup;
			children = (
				34C40C9D29B7B7E100D11DC4 /* PuzzleDifficulty.swift */,
			);
			path = Enums;
			sourceTree = "<group>";
		};
/* End PBXGroup section */

/* Begin PBXNativeTarget section */
		34C40C7B29B7AFFB00D11DC4 /* Simply Sudoku */ = {
			isa = PBXNativeTarget;
			buildConfigurationList = 34C40C8A29B7AFFC00D11DC4 /* Build configuration list for PBXNativeTarget "Simply Sudoku" */;
			buildPhases = (
				34C40C7829B7AFFB00D11DC4 /* Sources */,
				34C40C7929B7AFFB00D11DC4 /* Frameworks */,
				34C40C7A29B7AFFB00D11DC4 /* Resources */,
			);
			buildRules = (
			);
			dependencies = (
			);
			name = "Simply Sudoku";
			packageProductDependencies = (
			);
			productName = "Simple Sudoku";
			productReference = 34C40C7C29B7AFFB00D11DC4 /* Simply Sudoku.app */;
			productType = "com.apple.product-type.application";
		};
/* End PBXNativeTarget section */

/* Begin PBXProject section */
		34C40C7429B7AFFB00D11DC4 /* Project object */ = {
			isa = PBXProject;
			attributes = {
				BuildIndependentTargetsInParallel = 1;
				LastSwiftUpdateCheck = 1420;
				LastUpgradeCheck = 1420;
				TargetAttributes = {
					34C40C7B29B7AFFB00D11DC4 = {
						CreatedOnToolsVersion = 14.2;
					};
				};
			};
			buildConfigurationList = 34C40C7729B7AFFB00D11DC4 /* Build configuration list for PBXProject "Simply Sudoku" */;
			compatibilityVersion = "Xcode 14.0";
			developmentRegion = en;
			hasScannedForEncodings = 0;
			knownRegions = (
				en,
				Base,
			);
			mainGroup = 34C40C7329B7AFFB00D11DC4;
			packageReferences = (
			);
			productRefGroup = 34C40C7D29B7AFFB00D11DC4 /* Products */;
			projectDirPath = "";
			projectRoot = "";
			targets = (
				34C40C7B29B7AFFB00D11DC4 /* Simply Sudoku */,
			);
		};
/* End PBXProject section */

/* Begin PBXResourcesBuildPhase section */
		34C40C7A29B7AFFB00D11DC4 /* Resources */ = {
			isa = PBXResourcesBuildPhase;
			buildActionMask = 2147483647;
			files = (
				34C40C8729B7AFFC00D11DC4 /* Preview Assets.xcassets in Resources */,
				34C40C8429B7AFFC00D11DC4 /* Assets.xcassets in Resources */,
			);
			runOnlyForDeploymentPostprocessing = 0;
		};
/* End PBXResourcesBuildPhase section */

/* Begin PBXSourcesBuildPhase section */
		34C40C7829B7AFFB00D11DC4 /* Sources */ = {
			isa = PBXSourcesBuildPhase;
			buildActionMask = 2147483647;
			files = (
				349FE71329B80B9C009A3FD7 /* PuzzleNumberControls.swift in Sources */,
				34B121B129BE459300DB3129 /* CellGroup.swift in Sources */,
				34C40CA029B7B97400D11DC4 /* SelectButton.swift in Sources */,
				34C40CA229B7BA7200D11DC4 /* RoundedRectangleFill.swift in Sources */,
				349FE72229BA4C4A009A3FD7 /* CellContent.swift in Sources */,
				349FE6FB29B7E101009A3FD7 /* PuzzleGridEntry.swift in Sources */,
				34C9A41829C4F30A009DAFCC /* CellWarningTracking.swift in Sources */,
				34C40C9529B7B33D00D11DC4 /* MainMenu.swift in Sources */,
				34C9A41429C4BF89009DAFCC /* PuzzleCellContentNotes.swift in Sources */,
				349FE70229B7F0EA009A3FD7 /* PuzzleGrid.swift in Sources */,
				349FE72429BA5A4B009A3FD7 /* PuzzleCellHighlighting.swift in Sources */,
				34C40C9829B7B35D00D11DC4 /* Logo.swift in Sources */,
				349FE70F29B8061C009A3FD7 /* DebugUtil.swift in Sources */,
				349FE70C29B7F689009A3FD7 /* GridCellBorder.swift in Sources */,
				349FE70429B7F0F5009A3FD7 /* PuzzleControlArea.swift in Sources */,
				349FE70629B7F124009A3FD7 /* PuzzleGridCell.swift in Sources */,
				349FE6FD29B7E197009A3FD7 /* NavigationButton.swift in Sources */,
				34C9A41629C4E674009DAFCC /* GivenCellWarning.swift in Sources */,
				349FE71529B80BAC009A3FD7 /* PuzzleEntryControls.swift in Sources */,
				349FE70029B7EC2D009A3FD7 /* ButtonLabel.swift in Sources */,
				349FE71A29B81192009A3FD7 /* PuzzleViewModel.swift in Sources */,
				349FE71C29B811CF009A3FD7 /* Puzzle.swift in Sources */,
				349FE70A29B7F202009A3FD7 /* CellIdentifier.swift in Sources */,
				34C9A41229BFB746009DAFCC /* PuzzleGenerationTesting.swift in Sources */,
				349FE72029BA4C20009A3FD7 /* PuzzleCellContents.swift in Sources */,
				34C40C9A29B7B7AE00D11DC4 /* DifficultySelector.swift in Sources */,
				34C40C9E29B7B7E100D11DC4 /* PuzzleDifficulty.swift in Sources */,
				349FE70829B7F176009A3FD7 /* PuzzleGridArea.swift in Sources */,
				34C40C8029B7AFFB00D11DC4 /* Simple_SudokuApp.swift in Sources */,
			);
			runOnlyForDeploymentPostprocessing = 0;
		};
/* End PBXSourcesBuildPhase section */

/* Begin XCBuildConfiguration section */
		34C40C8829B7AFFC00D11DC4 /* Debug */ = {
			isa = XCBuildConfiguration;
			buildSettings = {
				ALWAYS_SEARCH_USER_PATHS = NO;
				CLANG_ANALYZER_NONNULL = YES;
				CLANG_ANALYZER_NUMBER_OBJECT_CONVERSION = YES_AGGRESSIVE;
				CLANG_CXX_LANGUAGE_STANDARD = "gnu++20";
				CLANG_ENABLE_MODULES = YES;
				CLANG_ENABLE_OBJC_ARC = YES;
				CLANG_ENABLE_OBJC_WEAK = YES;
				CLANG_WARN_BLOCK_CAPTURE_AUTORELEASING = YES;
				CLANG_WARN_BOOL_CONVERSION = YES;
				CLANG_WARN_COMMA = YES;
				CLANG_WARN_CONSTANT_CONVERSION = YES;
				CLANG_WARN_DEPRECATED_OBJC_IMPLEMENTATIONS = YES;
				CLANG_WARN_DIRECT_OBJC_ISA_USAGE = YES_ERROR;
				CLANG_WARN_DOCUMENTATION_COMMENTS = YES;
				CLANG_WARN_EMPTY_BODY = YES;
				CLANG_WARN_ENUM_CONVERSION = YES;
				CLANG_WARN_INFINITE_RECURSION = YES;
				CLANG_WARN_INT_CONVERSION = YES;
				CLANG_WARN_NON_LITERAL_NULL_CONVERSION = YES;
				CLANG_WARN_OBJC_IMPLICIT_RETAIN_SELF = YES;
				CLANG_WARN_OBJC_LITERAL_CONVERSION = YES;
				CLANG_WARN_OBJC_ROOT_CLASS = YES_ERROR;
				CLANG_WARN_QUOTED_INCLUDE_IN_FRAMEWORK_HEADER = YES;
				CLANG_WARN_RANGE_LOOP_ANALYSIS = YES;
				CLANG_WARN_STRICT_PROTOTYPES = YES;
				CLANG_WARN_SUSPICIOUS_MOVE = YES;
				CLANG_WARN_UNGUARDED_AVAILABILITY = YES_AGGRESSIVE;
				CLANG_WARN_UNREACHABLE_CODE = YES;
				CLANG_WARN__DUPLICATE_METHOD_MATCH = YES;
				COPY_PHASE_STRIP = NO;
				DEBUG_INFORMATION_FORMAT = dwarf;
				ENABLE_STRICT_OBJC_MSGSEND = YES;
				ENABLE_TESTABILITY = YES;
				GCC_C_LANGUAGE_STANDARD = gnu11;
				GCC_DYNAMIC_NO_PIC = NO;
				GCC_NO_COMMON_BLOCKS = YES;
				GCC_OPTIMIZATION_LEVEL = 0;
				GCC_PREPROCESSOR_DEFINITIONS = (
					"DEBUG=1",
					"$(inherited)",
				);
				GCC_WARN_64_TO_32_BIT_CONVERSION = YES;
				GCC_WARN_ABOUT_RETURN_TYPE = YES_ERROR;
				GCC_WARN_UNDECLARED_SELECTOR = YES;
				GCC_WARN_UNINITIALIZED_AUTOS = YES_AGGRESSIVE;
				GCC_WARN_UNUSED_FUNCTION = YES;
				GCC_WARN_UNUSED_VARIABLE = YES;
				IPHONEOS_DEPLOYMENT_TARGET = 16.0;
				MTL_ENABLE_DEBUG_INFO = INCLUDE_SOURCE;
				MTL_FAST_MATH = YES;
				ONLY_ACTIVE_ARCH = YES;
				SDKROOT = iphoneos;
				SWIFT_ACTIVE_COMPILATION_CONDITIONS = DEBUG;
				SWIFT_OPTIMIZATION_LEVEL = "-Onone";
			};
			name = Debug;
		};
		34C40C8929B7AFFC00D11DC4 /* Release */ = {
			isa = XCBuildConfiguration;
			buildSettings = {
				ALWAYS_SEARCH_USER_PATHS = NO;
				CLANG_ANALYZER_NONNULL = YES;
				CLANG_ANALYZER_NUMBER_OBJECT_CONVERSION = YES_AGGRESSIVE;
				CLANG_CXX_LANGUAGE_STANDARD = "gnu++20";
				CLANG_ENABLE_MODULES = YES;
				CLANG_ENABLE_OBJC_ARC = YES;
				CLANG_ENABLE_OBJC_WEAK = YES;
				CLANG_WARN_BLOCK_CAPTURE_AUTORELEASING = YES;
				CLANG_WARN_BOOL_CONVERSION = YES;
				CLANG_WARN_COMMA = YES;
				CLANG_WARN_CONSTANT_CONVERSION = YES;
				CLANG_WARN_DEPRECATED_OBJC_IMPLEMENTATIONS = YES;
				CLANG_WARN_DIRECT_OBJC_ISA_USAGE = YES_ERROR;
				CLANG_WARN_DOCUMENTATION_COMMENTS = YES;
				CLANG_WARN_EMPTY_BODY = YES;
				CLANG_WARN_ENUM_CONVERSION = YES;
				CLANG_WARN_INFINITE_RECURSION = YES;
				CLANG_WARN_INT_CONVERSION = YES;
				CLANG_WARN_NON_LITERAL_NULL_CONVERSION = YES;
				CLANG_WARN_OBJC_IMPLICIT_RETAIN_SELF = YES;
				CLANG_WARN_OBJC_LITERAL_CONVERSION = YES;
				CLANG_WARN_OBJC_ROOT_CLASS = YES_ERROR;
				CLANG_WARN_QUOTED_INCLUDE_IN_FRAMEWORK_HEADER = YES;
				CLANG_WARN_RANGE_LOOP_ANALYSIS = YES;
				CLANG_WARN_STRICT_PROTOTYPES = YES;
				CLANG_WARN_SUSPICIOUS_MOVE = YES;
				CLANG_WARN_UNGUARDED_AVAILABILITY = YES_AGGRESSIVE;
				CLANG_WARN_UNREACHABLE_CODE = YES;
				CLANG_WARN__DUPLICATE_METHOD_MATCH = YES;
				COPY_PHASE_STRIP = NO;
				DEBUG_INFORMATION_FORMAT = "dwarf-with-dsym";
				ENABLE_NS_ASSERTIONS = NO;
				ENABLE_STRICT_OBJC_MSGSEND = YES;
				GCC_C_LANGUAGE_STANDARD = gnu11;
				GCC_NO_COMMON_BLOCKS = YES;
				GCC_WARN_64_TO_32_BIT_CONVERSION = YES;
				GCC_WARN_ABOUT_RETURN_TYPE = YES_ERROR;
				GCC_WARN_UNDECLARED_SELECTOR = YES;
				GCC_WARN_UNINITIALIZED_AUTOS = YES_AGGRESSIVE;
				GCC_WARN_UNUSED_FUNCTION = YES;
				GCC_WARN_UNUSED_VARIABLE = YES;
				IPHONEOS_DEPLOYMENT_TARGET = 16.0;
				MTL_ENABLE_DEBUG_INFO = NO;
				MTL_FAST_MATH = YES;
				SDKROOT = iphoneos;
				SWIFT_COMPILATION_MODE = wholemodule;
				SWIFT_OPTIMIZATION_LEVEL = "-O";
				VALIDATE_PRODUCT = YES;
			};
			name = Release;
		};
		34C40C8B29B7AFFC00D11DC4 /* Debug */ = {
			isa = XCBuildConfiguration;
			buildSettings = {
				ASSETCATALOG_COMPILER_APPICON_NAME = AppIcon;
				ASSETCATALOG_COMPILER_GLOBAL_ACCENT_COLOR_NAME = AccentColor;
				CODE_SIGN_STYLE = Automatic;
				CURRENT_PROJECT_VERSION = 1;
				DEVELOPMENT_ASSET_PATHS = "\"Simply Sudoku/Preview Content\"";
				DEVELOPMENT_TEAM = 57TCLD34EQ;
				ENABLE_PREVIEWS = YES;
				GENERATE_INFOPLIST_FILE = YES;
				INFOPLIST_KEY_CFBundleDisplayName = "Simply Sudoku";
				INFOPLIST_KEY_LSApplicationCategoryType = "public.app-category.puzzle-games";
				INFOPLIST_KEY_UIApplicationSceneManifest_Generation = YES;
				INFOPLIST_KEY_UIApplicationSupportsIndirectInputEvents = YES;
				INFOPLIST_KEY_UILaunchScreen_Generation = YES;
				INFOPLIST_KEY_UISupportedInterfaceOrientations = "UIInterfaceOrientationPortrait UIInterfaceOrientationPortraitUpsideDown";
				INFOPLIST_KEY_UISupportedInterfaceOrientations_iPad = "UIInterfaceOrientationLandscapeLeft UIInterfaceOrientationLandscapeRight UIInterfaceOrientationPortrait UIInterfaceOrientationPortraitUpsideDown";
				LD_RUNPATH_SEARCH_PATHS = (
					"$(inherited)",
					"@executable_path/Frameworks",
				);
				MARKETING_VERSION = 1.0;
				PRODUCT_BUNDLE_IDENTIFIER = "com.geissetaylor.Simply-Sudoku";
				PRODUCT_NAME = "$(TARGET_NAME)";
				SWIFT_EMIT_LOC_STRINGS = YES;
				SWIFT_VERSION = 5.0;
				TARGETED_DEVICE_FAMILY = "1,2";
			};
			name = Debug;
		};
		34C40C8C29B7AFFC00D11DC4 /* Release */ = {
			isa = XCBuildConfiguration;
			buildSettings = {
				ASSETCATALOG_COMPILER_APPICON_NAME = AppIcon;
				ASSETCATALOG_COMPILER_GLOBAL_ACCENT_COLOR_NAME = AccentColor;
				CODE_SIGN_STYLE = Automatic;
				CURRENT_PROJECT_VERSION = 1;
				DEVELOPMENT_ASSET_PATHS = "\"Simply Sudoku/Preview Content\"";
				DEVELOPMENT_TEAM = 57TCLD34EQ;
				ENABLE_PREVIEWS = YES;
				GENERATE_INFOPLIST_FILE = YES;
				INFOPLIST_KEY_CFBundleDisplayName = "Simply Sudoku";
				INFOPLIST_KEY_LSApplicationCategoryType = "public.app-category.puzzle-games";
				INFOPLIST_KEY_UIApplicationSceneManifest_Generation = YES;
				INFOPLIST_KEY_UIApplicationSupportsIndirectInputEvents = YES;
				INFOPLIST_KEY_UILaunchScreen_Generation = YES;
				INFOPLIST_KEY_UISupportedInterfaceOrientations = "UIInterfaceOrientationPortrait UIInterfaceOrientationPortraitUpsideDown";
				INFOPLIST_KEY_UISupportedInterfaceOrientations_iPad = "UIInterfaceOrientationLandscapeLeft UIInterfaceOrientationLandscapeRight UIInterfaceOrientationPortrait UIInterfaceOrientationPortraitUpsideDown";
				LD_RUNPATH_SEARCH_PATHS = (
					"$(inherited)",
					"@executable_path/Frameworks",
				);
				MARKETING_VERSION = 1.0;
				PRODUCT_BUNDLE_IDENTIFIER = "com.geissetaylor.Simply-Sudoku";
				PRODUCT_NAME = "$(TARGET_NAME)";
				SWIFT_EMIT_LOC_STRINGS = YES;
				SWIFT_VERSION = 5.0;
				TARGETED_DEVICE_FAMILY = "1,2";
			};
			name = Release;
		};
/* End XCBuildConfiguration section */

/* Begin XCConfigurationList section */
		34C40C7729B7AFFB00D11DC4 /* Build configuration list for PBXProject "Simply Sudoku" */ = {
			isa = XCConfigurationList;
			buildConfigurations = (
				34C40C8829B7AFFC00D11DC4 /* Debug */,
				34C40C8929B7AFFC00D11DC4 /* Release */,
			);
			defaultConfigurationIsVisible = 0;
			defaultConfigurationName = Release;
		};
		34C40C8A29B7AFFC00D11DC4 /* Build configuration list for PBXNativeTarget "Simply Sudoku" */ = {
			isa = XCConfigurationList;
			buildConfigurations = (
				34C40C8B29B7AFFC00D11DC4 /* Debug */,
				34C40C8C29B7AFFC00D11DC4 /* Release */,
			);
			defaultConfigurationIsVisible = 0;
			defaultConfigurationName = Release;
		};
/* End XCConfigurationList section */
	};
	rootObject = 34C40C7429B7AFFB00D11DC4 /* Project object */;
}
